PODS:
  - Flutter (1.0.0)
  - flutter_exif_rotation (0.3.0):
    - Flutter
  - flutter_vision (0.0.1):
    - Flutter
  - image_picker_ios (0.0.1):
    - Flutter
  - ios_platform_images (0.0.1):
    - Flutter
  - path_provider_foundation (0.0.1):
    - Flutter
    - FlutterMacOS

DEPENDENCIES:
  - Flutter (from `Flutter`)
  - flutter_exif_rotation (from `.symlinks/plugins/flutter_exif_rotation/ios`)
  - flutter_vision (from `.symlinks/plugins/flutter_vision/ios`)
  - image_picker_ios (from `.symlinks/plugins/image_picker_ios/ios`)
  - ios_platform_images (from `.symlinks/plugins/ios_platform_images/ios`)
  - path_provider_foundation (from `.symlinks/plugins/path_provider_foundation/darwin`)

EXTERNAL SOURCES:
  Flutter:
    :path: Flutter
  flutter_exif_rotation:
    :path: ".symlinks/plugins/flutter_exif_rotation/ios"
  flutter_vision:
    :path: ".symlinks/plugins/flutter_vision/ios"
  image_picker_ios:
    :path: ".symlinks/plugins/image_picker_ios/ios"
  ios_platform_images:
    :path: ".symlinks/plugins/ios_platform_images/ios"
  path_provider_foundation:
    :path: ".symlinks/plugins/path_provider_foundation/darwin"

SPEC CHECKSUMS:
  Flutter: f04841e97a9d0b0a8025694d0796dd46242b2854
  flutter_exif_rotation: de6b54e8bd54a687f28d6397d1a890391de41111
  flutter_vision: 9ec044bccb616363a2dc476bb297c0642bf4b496
  image_picker_ios: 4a8aadfbb6dc30ad5141a2ce3832af9214a705b5
  ios_platform_images: 15d8c72bc0ec1266b8a20e74a24a78c49cb0eb2a
  path_provider_foundation: 29f094ae23ebbca9d3d0cec13889cd9060c0e943

PODFILE CHECKSUM: 70d9d25280d0dd177a5f637cdb0f0b0b12c6a189

COCOAPODS: 1.12.1
